{
  "name": "bun",
  "version": "1.0.0",
  "lockfileVersion": 2,
  "requires": true,
  "packages": {
    "": {
      "name": "bun",
      "version": "1.0.0",
      "license": "ISC",
      "dependencies": {
        "vixeny": "^0.0.3"
      }
    },
    "node_modules/vixeny": {
      "version": "0.0.3",
      "resolved": "https://registry.npmjs.org/vixeny/-/vixeny-0.0.3.tgz",
      "integrity": "sha512-315CvCE6koTfey6ZLlvLIi00Kj4bzSN/maPt4jC9G3/5KvrNa3RleuOI6Om73+lHNCpfLypWiBBeBXis3zy4pQ=="
    }
  },
  "dependencies": {
    "vixeny": {
      "version": "0.0.3",
      "resolved": "https://registry.npmjs.org/vixeny/-/vixeny-0.0.3.tgz",
      "integrity": "sha512-315CvCE6koTfey6ZLlvLIi00Kj4bzSN/maPt4jC9G3/5KvrNa3RleuOI6Om73+lHNCpfLypWiBBeBXis3zy4pQ=="
    }
  }
}
